<?xml version="1.0" encoding="utf-8"?>
<Project ToolsVersion="4.0" xmlns="http://schemas.microsoft.com/developer/msbuild/2003">
  <ItemGroup>
    <Filter Include="Source Files">
      <UniqueIdentifier>{4FC737F1-C7A5-4376-A066-2A32D752A2FF}</UniqueIdentifier>
      <Extensions>cpp;c;cc;cxx;def;odl;idl;hpj;bat;asm;asmx</Extensions>
    </Filter>
    <Filter Include="Header Files">
      <UniqueIdentifier>{93995380-89BD-4b04-88EB-625FBE52EBFB}</UniqueIdentifier>
      <Extensions>h;hh;hpp;hxx;hm;inl;inc;ipp;xsd</Extensions>
    </Filter>
    <Filter Include="Resource Files">
      <UniqueIdentifier>{67DA6AB6-F800-4c08-8B7A-83BB121AAD01}</UniqueIdentifier>
      <Extensions>rc;ico;cur;bmp;dlg;rc2;rct;bin;rgs;gif;jpg;jpeg;jpe;resx;tiff;tif;png;wav;mfcribbon-ms</Extensions>
    </Filter>
    <Filter Include="Source Files\Ninja">
      <UniqueIdentifier>{bbce544b-ba41-4dce-bd3e-4f62cd284a27}</UniqueIdentifier>
    </Filter>
    <Filter Include="Source Files\GameComponents">
      <UniqueIdentifier>{fec4c2fb-ac1b-4785-b7fd-58d7d2fa5734}</UniqueIdentifier>
    </Filter>
    <Filter Include="Source Files\Enemies">
      <UniqueIdentifier>{fd0d64ff-da0b-4e23-8ba7-6d2523c5beea}</UniqueIdentifier>
    </Filter>
    <Filter Include="Source Files\Misc">
      <UniqueIdentifier>{b6a3b29e-930a-41fd-b787-b839949c849f}</UniqueIdentifier>
    </Filter>
    <Filter Include="Source Files\Items">
      <UniqueIdentifier>{834afc4c-d4eb-45d6-9cc9-93770e673430}</UniqueIdentifier>
    </Filter>
    <Filter Include="Source Files\Ninja\Weapons">
      <UniqueIdentifier>{b198ddef-134a-42be-8ce7-d807811f768e}</UniqueIdentifier>
    </Filter>
    <Filter Include="Source Files\States">
      <UniqueIdentifier>{d05c021e-6a04-459c-abdd-a3794d0f253c}</UniqueIdentifier>
    </Filter>
  </ItemGroup>
  <ItemGroup>
    <ClCompile Include="GameComponents\Animation.cpp">
      <Filter>Source Files\GameComponents</Filter>
    </ClCompile>
    <ClCompile Include="GameComponents\Debug.cpp">
      <Filter>Source Files\GameComponents</Filter>
    </ClCompile>
    <ClCompile Include="GameComponents\Game.cpp">
      <Filter>Source Files\GameComponents</Filter>
    </ClCompile>
    <ClCompile Include="GameComponents\GameObject.cpp">
      <Filter>Source Files\GameComponents</Filter>
    </ClCompile>
    <ClCompile Include="GameComponents\Graphics.cpp">
      <Filter>Source Files\GameComponents</Filter>
    </ClCompile>
    <ClCompile Include="GameComponents\Keyboard.cpp">
      <Filter>Source Files\GameComponents</Filter>
    </ClCompile>
    <ClCompile Include="GameComponents\Sprite.cpp">
      <Filter>Source Files\GameComponents</Filter>
    </ClCompile>
    <ClCompile Include="Ninja\Whip.cpp">
      <Filter>Source Files\Ninja</Filter>
    </ClCompile>
    <ClCompile Include="Ninja\AttackingState.cpp">
      <Filter>Source Files\States</Filter>
    </ClCompile>
    <ClCompile Include="Ninja\CrouchingState.cpp">
      <Filter>Source Files\States</Filter>
    </ClCompile>
    <ClCompile Include="Ninja\IdleState.cpp">
      <Filter>Source Files\States</Filter>
    </ClCompile>
    <ClCompile Include="Ninja\JumpingState.cpp">
      <Filter>Source Files\States</Filter>
    </ClCompile>
    <ClCompile Include="Ninja\WalkingState.cpp">
      <Filter>Source Files\States</Filter>
    </ClCompile>
    <ClCompile Include="Main.cpp">
      <Filter>Source Files</Filter>
    </ClCompile>
    <ClCompile Include="GameComponents\TiledMap.cpp">
      <Filter>Source Files\GameComponents</Filter>
    </ClCompile>
    <ClCompile Include="GameComponents\Viewport.cpp">
      <Filter>Source Files\GameComponents</Filter>
    </ClCompile>
    <ClCompile Include="Ninja\Ninja.cpp">
      <Filter>Source Files\Ninja</Filter>
    </ClCompile>
    <ClCompile Include="GameComponents\Grid.cpp">
      <Filter>Source Files\GameComponents</Filter>
    </ClCompile>
    <ClCompile Include="GameComponents\Cell.cpp">
      <Filter>Source Files\GameComponents</Filter>
    </ClCompile>
    <ClCompile Include="Ninja\State.cpp">
      <Filter>Source Files\States</Filter>
    </ClCompile>
    <ClCompile Include="GameComponents\StateGameObject.cpp">
      <Filter>Source Files\GameComponents</Filter>
    </ClCompile>
    <ClCompile Include="Ninja\ThrowingState.cpp">
      <Filter>Source Files\States</Filter>
    </ClCompile>
    <ClCompile Include="GameObjects\Thug.cpp">
      <Filter>Source Files\Enemies</Filter>
    </ClCompile>
    <ClCompile Include="Ninja\DyingState.cpp">
      <Filter>Source Files\States</Filter>
    </ClCompile>
    <ClCompile Include="GameObjects\Explosion.cpp">
      <Filter>Source Files\Misc</Filter>
    </ClCompile>
    <ClCompile Include="GameObjects\YellowBird.cpp">
      <Filter>Source Files\Enemies</Filter>
    </ClCompile>
    <ClCompile Include="Ninja\HurtState.cpp">
      <Filter>Source Files\States</Filter>
    </ClCompile>
    <ClCompile Include="GameObjects\Zombie.cpp">
      <Filter>Source Files\Enemies</Filter>
    </ClCompile>
    <ClCompile Include="GameObjects\Cougar.cpp">
      <Filter>Source Files\Enemies</Filter>
    </ClCompile>
    <ClCompile Include="GameObjects\Bat.cpp">
      <Filter>Source Files\Enemies</Filter>
    </ClCompile>
    <ClCompile Include="GameObjects\Runner.cpp">
      <Filter>Source Files\Enemies</Filter>
    </ClCompile>
    <ClCompile Include="GameObjects\ZombieBullet.cpp">
      <Filter>Source Files\Enemies</Filter>
    </ClCompile>
    <ClCompile Include="GameObjects\MachineGunner.cpp">
      <Filter>Source Files\Enemies</Filter>
    </ClCompile>
    <ClCompile Include="GameObjects\MachineGunnerBullet.cpp">
      <Filter>Source Files\Enemies</Filter>
    </ClCompile>
    <ClCompile Include="GameObjects\CannonShooter.cpp">
      <Filter>Source Files\Enemies</Filter>
    </ClCompile>
    <ClCompile Include="GameObjects\CannonShooterBullet.cpp">
      <Filter>Source Files\Enemies</Filter>
    </ClCompile>
    <ClCompile Include="Ninja\ClimbingState.cpp">
      <Filter>Source Files\States</Filter>
    </ClCompile>
    <ClCompile Include="GameObjects\Boss.cpp">
      <Filter>Source Files\Enemies</Filter>
    </ClCompile>
    <ClCompile Include="GameObjects\BossBullet.cpp">
      <Filter>Source Files\Enemies</Filter>
    </ClCompile>
    <ClCompile Include="GameObjects\Item.cpp">
      <Filter>Source Files\Items</Filter>
    </ClCompile>
    <ClCompile Include="Ninja\Subweapon.cpp">
      <Filter>Source Files\Ninja\Weapons</Filter>
    </ClCompile>
    <ClCompile Include="Ninja\Shuriken.cpp">
      <Filter>Source Files\Ninja\Weapons</Filter>
    </ClCompile>
    <ClCompile Include="Ninja\WindmillShuriken.cpp">
      <Filter>Source Files\Ninja\Weapons</Filter>
    </ClCompile>
    <ClCompile Include="Ninja\FireWheel.cpp">
      <Filter>Source Files\Ninja\Weapons</Filter>
    </ClCompile>
    <ClCompile Include="GameObjects\ItemDrop.cpp">
      <Filter>Source Files\Items</Filter>
    </ClCompile>
    <ClCompile Include="GameComponents\UI.cpp">
      <Filter>Source Files\GameComponents</Filter>
    </ClCompile>
    <ClCompile Include="GameComponents\Sound.cpp">
      <Filter>Source Files\GameComponents</Filter>
    </ClCompile>
    <ClCompile Include="GameComponents\dsutil.cpp">
      <Filter>Source Files\GameComponents</Filter>
    </ClCompile>
    <ClCompile Include="GameComponents\dxutil.cpp">
      <Filter>Source Files\GameComponents</Filter>
    </ClCompile>
    <ClCompile Include="GameComponents\GlobalEvent.cpp">
      <Filter>Source Files\GameComponents</Filter>
    </ClCompile>
    <ClCompile Include="GameComponents\ExtraScene.cpp">
      <Filter>Source Files\GameComponents</Filter>
    </ClCompile>
  </ItemGroup>
  <ItemGroup>
    <ClInclude Include="GameComponents\Animation.h">
      <Filter>Source Files\GameComponents</Filter>
    </ClInclude>
    <ClInclude Include="GameComponents\Constants.h">
      <Filter>Source Files\GameComponents</Filter>
    </ClInclude>
    <ClInclude Include="GameComponents\Debug.h">
      <Filter>Source Files\GameComponents</Filter>
    </ClInclude>
    <ClInclude Include="GameComponents\Game.h">
      <Filter>Source Files\GameComponents</Filter>
    </ClInclude>
    <ClInclude Include="GameComponents\GameObject.h">
      <Filter>Source Files\GameComponents</Filter>
    </ClInclude>
    <ClInclude Include="GameComponents\Graphics.h">
      <Filter>Source Files\GameComponents</Filter>
    </ClInclude>
    <ClInclude Include="GameComponents\Keyboard.h">
      <Filter>Source Files\GameComponents</Filter>
    </ClInclude>
    <ClInclude Include="GameComponents\resource.h">
      <Filter>Source Files\GameComponents</Filter>
    </ClInclude>
    <ClInclude Include="GameComponents\Sprite.h">
      <Filter>Source Files\GameComponents</Filter>
    </ClInclude>
    <ClInclude Include="Ninja\Whip.h">
      <Filter>Source Files\Ninja</Filter>
    </ClInclude>
    <ClInclude Include="Ninja\AttackingState.h">
      <Filter>Source Files\States</Filter>
    </ClInclude>
    <ClInclude Include="Ninja\CrouchingState.h">
      <Filter>Source Files\States</Filter>
    </ClInclude>
    <ClInclude Include="Ninja\IdleState.h">
      <Filter>Source Files\States</Filter>
    </ClInclude>
    <ClInclude Include="Ninja\JumpingState.h">
      <Filter>Source Files\States</Filter>
    </ClInclude>
    <ClInclude Include="Ninja\WalkingState.h">
      <Filter>Source Files\States</Filter>
    </ClInclude>
    <ClInclude Include="GameComponents\TiledMap.h">
      <Filter>Source Files\GameComponents</Filter>
    </ClInclude>
    <ClInclude Include="GameComponents\Viewport.h">
      <Filter>Source Files\GameComponents</Filter>
    </ClInclude>
    <ClInclude Include="Ninja\Ninja.h">
      <Filter>Source Files\Ninja</Filter>
    </ClInclude>
    <ClInclude Include="GameComponents\Cell.h">
      <Filter>Source Files\GameComponents</Filter>
    </ClInclude>
    <ClInclude Include="GameComponents\Grid.h">
      <Filter>Source Files\GameComponents</Filter>
    </ClInclude>
    <ClInclude Include="Ninja\State.h">
      <Filter>Source Files\States</Filter>
    </ClInclude>
    <ClInclude Include="GameComponents\StateGameObject.h">
      <Filter>Source Files\GameComponents</Filter>
    </ClInclude>
    <ClInclude Include="Ninja\ThrowingState.h">
      <Filter>Source Files\States</Filter>
    </ClInclude>
    <ClInclude Include="GameObjects\Thug.h">
      <Filter>Source Files\Enemies</Filter>
    </ClInclude>
    <ClInclude Include="Ninja\DyingState.h">
      <Filter>Source Files\States</Filter>
    </ClInclude>
    <ClInclude Include="GameObjects\Explosion.h">
      <Filter>Source Files\Misc</Filter>
    </ClInclude>
    <ClInclude Include="GameObjects\YellowBird.h">
      <Filter>Source Files\Enemies</Filter>
    </ClInclude>
    <ClInclude Include="Ninja\HurtState.h">
      <Filter>Source Files\States</Filter>
    </ClInclude>
    <ClInclude Include="GameObjects\Zombie.h">
      <Filter>Source Files\Enemies</Filter>
    </ClInclude>
    <ClInclude Include="GameObjects\Cougar.h">
      <Filter>Source Files\Enemies</Filter>
    </ClInclude>
    <ClInclude Include="GameObjects\Bat.h">
      <Filter>Source Files\Enemies</Filter>
    </ClInclude>
    <ClInclude Include="GameObjects\Runner.h">
      <Filter>Source Files\Enemies</Filter>
    </ClInclude>
    <ClInclude Include="GameObjects\ZombieBullet.h">
      <Filter>Source Files\Enemies</Filter>
    </ClInclude>
    <ClInclude Include="GameObjects\MachineGunner.h">
      <Filter>Source Files\Enemies</Filter>
    </ClInclude>
    <ClInclude Include="GameObjects\MachineGunnerBullet.h">
      <Filter>Source Files\Enemies</Filter>
    </ClInclude>
    <ClInclude Include="GameObjects\CannonShooter.h">
      <Filter>Source Files\Enemies</Filter>
    </ClInclude>
    <ClInclude Include="GameObjects\CannonShooterBullet.h">
      <Filter>Source Files\Enemies</Filter>
    </ClInclude>
    <ClInclude Include="Ninja\ClimbingState.h">
      <Filter>Source Files\States</Filter>
    </ClInclude>
    <ClInclude Include="GameObjects\Boss.h">
      <Filter>Source Files\Enemies</Filter>
    </ClInclude>
    <ClInclude Include="GameObjects\BossBullet.h">
      <Filter>Source Files\Enemies</Filter>
    </ClInclude>
    <ClInclude Include="GameObjects\Item.h">
      <Filter>Source Files\Items</Filter>
    </ClInclude>
    <ClInclude Include="Ninja\Subweapon.h">
      <Filter>Source Files\Ninja\Weapons</Filter>
    </ClInclude>
    <ClInclude Include="Ninja\Shuriken.h">
      <Filter>Source Files\Ninja\Weapons</Filter>
    </ClInclude>
    <ClInclude Include="Ninja\WindmillShuriken.h">
      <Filter>Source Files\Ninja\Weapons</Filter>
    </ClInclude>
    <ClInclude Include="Ninja\FireWheel.h">
      <Filter>Source Files\Ninja\Weapons</Filter>
    </ClInclude>
    <ClInclude Include="GameObjects\ItemDrop.h">
      <Filter>Source Files\Items</Filter>
    </ClInclude>
    <ClInclude Include="GameComponents\UI.h">
      <Filter>Source Files\GameComponents</Filter>
    </ClInclude>
    <ClInclude Include="GameComponents\Sound.h">
      <Filter>Source Files\GameComponents</Filter>
    </ClInclude>
    <ClInclude Include="GameComponents\dsutil.h">
      <Filter>Source Files\GameComponents</Filter>
    </ClInclude>
    <ClInclude Include="GameComponents\dxutil.h">
      <Filter>Source Files\GameComponents</Filter>
    </ClInclude>
    <ClInclude Include="GameComponents\GlobalEvent.h">
      <Filter>Source Files\GameComponents</Filter>
    </ClInclude>
    <ClInclude Include="GameComponents\ExtraScene.h">
      <Filter>Source Files\GameComponents</Filter>
    </ClInclude>
  </ItemGroup>
</Project>